// !$*UTF8*$!
{
	archiveVersion = 1;
	classes = {
	};
	objectVersion = 55;
	objects = {

/* Begin PBXBuildFile section */
		610E65C8279D13B7002C0919 /* AppDelegate.swift in Sources */ = {isa = PBXBuildFile; fileRef = 610E65C7279D13B7002C0919 /* AppDelegate.swift */; };
		610E65CA279D13B7002C0919 /* SceneDelegate.swift in Sources */ = {isa = PBXBuildFile; fileRef = 610E65C9279D13B7002C0919 /* SceneDelegate.swift */; };
		610E65CC279D13B7002C0919 /* ViewController.swift in Sources */ = {isa = PBXBuildFile; fileRef = 610E65CB279D13B7002C0919 /* ViewController.swift */; };
		610E65CF279D13B7002C0919 /* Main.storyboard in Resources */ = {isa = PBXBuildFile; fileRef = 610E65CD279D13B7002C0919 /* Main.storyboard */; };
		610E65D1279D13B9002C0919 /* Assets.xcassets in Resources */ = {isa = PBXBuildFile; fileRef = 610E65D0279D13B9002C0919 /* Assets.xcassets */; };
		610E65D4279D13B9002C0919 /* LaunchScreen.storyboard in Resources */ = {isa = PBXBuildFile; fileRef = 610E65D2279D13B9002C0919 /* LaunchScreen.storyboard */; };
		61478A5227A7784500E1B1CB /* Refeicao.swift in Sources */ = {isa = PBXBuildFile; fileRef = 61478A5127A7784500E1B1CB /* Refeicao.swift */; };
		61478A5427A7785800E1B1CB /* Item.swift in Sources */ = {isa = PBXBuildFile; fileRef = 61478A5327A7785800E1B1CB /* Item.swift */; };
		614994B627E3D734005F41F3 /* RemoverRefeicaoViewController.swift in Sources */ = {isa = PBXBuildFile; fileRef = 614994B527E3D734005F41F3 /* RemoverRefeicaoViewController.swift */; };
		618C9E2927D30C9600CEEFCB /* Alerta.swift in Sources */ = {isa = PBXBuildFile; fileRef = 618C9E2827D30C9600CEEFCB /* Alerta.swift */; };
		61A6428727AF781E00264BF5 /* AdicionarItensViewController.swift in Sources */ = {isa = PBXBuildFile; fileRef = 61A6428527AF781E00264BF5 /* AdicionarItensViewController.swift */; };
		61A6428827AF781E00264BF5 /* AdicionarItensViewController.xib in Resources */ = {isa = PBXBuildFile; fileRef = 61A6428627AF781E00264BF5 /* AdicionarItensViewController.xib */; };
		61C1F5C727E4FE75005E3506 /* RefeicaoDao.swift in Sources */ = {isa = PBXBuildFile; fileRef = 61C1F5C627E4FE75005E3506 /* RefeicaoDao.swift */; };
		61C1F5C927E503CB005E3506 /* ItemDao.swift in Sources */ = {isa = PBXBuildFile; fileRef = 61C1F5C827E503CB005E3506 /* ItemDao.swift */; };
		61DEEE5C27AA3115009145D8 /* RefeicoesTableViewController.swift in Sources */ = {isa = PBXBuildFile; fileRef = 61DEEE5B27AA3115009145D8 /* RefeicoesTableViewController.swift */; };
/* End PBXBuildFile section */

/* Begin PBXFileReference section */
		610E65C4279D13B7002C0919 /* eggplant-brownie.app */ = {isa = PBXFileReference; explicitFileType = wrapper.application; includeInIndex = 0; path = "eggplant-brownie.app"; sourceTree = BUILT_PRODUCTS_DIR; };
		610E65C7279D13B7002C0919 /* AppDelegate.swift */ = {isa = PBXFileReference; lastKnownFileType = sourcecode.swift; path = AppDelegate.swift; sourceTree = "<group>"; };
		610E65C9279D13B7002C0919 /* SceneDelegate.swift */ = {isa = PBXFileReference; lastKnownFileType = sourcecode.swift; path = SceneDelegate.swift; sourceTree = "<group>"; };
		610E65CB279D13B7002C0919 /* ViewController.swift */ = {isa = PBXFileReference; lastKnownFileType = sourcecode.swift; path = ViewController.swift; sourceTree = "<group>"; };
		610E65CE279D13B7002C0919 /* Base */ = {isa = PBXFileReference; lastKnownFileType = file.storyboard; name = Base; path = Base.lproj/Main.storyboard; sourceTree = "<group>"; };
		610E65D0279D13B9002C0919 /* Assets.xcassets */ = {isa = PBXFileReference; lastKnownFileType = folder.assetcatalog; path = Assets.xcassets; sourceTree = "<group>"; };
		610E65D3279D13B9002C0919 /* Base */ = {isa = PBXFileReference; lastKnownFileType = file.storyboard; name = Base; path = Base.lproj/LaunchScreen.storyboard; sourceTree = "<group>"; };
		610E65D5279D13B9002C0919 /* Info.plist */ = {isa = PBXFileReference; lastKnownFileType = text.plist.xml; path = Info.plist; sourceTree = "<group>"; };
		61478A5127A7784500E1B1CB /* Refeicao.swift */ = {isa = PBXFileReference; lastKnownFileType = sourcecode.swift; path = Refeicao.swift; sourceTree = "<group>"; };
		61478A5327A7785800E1B1CB /* Item.swift */ = {isa = PBXFileReference; lastKnownFileType = sourcecode.swift; path = Item.swift; sourceTree = "<group>"; };
		614994B527E3D734005F41F3 /* RemoverRefeicaoViewController.swift */ = {isa = PBXFileReference; lastKnownFileType = sourcecode.swift; path = RemoverRefeicaoViewController.swift; sourceTree = "<group>"; };
		61510EFF279F8C1C006DA627 /* MyPlayground.playground */ = {isa = PBXFileReference; lastKnownFileType = file.playground; path = MyPlayground.playground; sourceTree = "<group>"; xcLanguageSpecificationIdentifier = xcode.lang.swift; };
		618C9E2827D30C9600CEEFCB /* Alerta.swift */ = {isa = PBXFileReference; lastKnownFileType = sourcecode.swift; path = Alerta.swift; sourceTree = "<group>"; };
		61A6428527AF781E00264BF5 /* AdicionarItensViewController.swift */ = {isa = PBXFileReference; lastKnownFileType = sourcecode.swift; path = AdicionarItensViewController.swift; sourceTree = "<group>"; };
		61A6428627AF781E00264BF5 /* AdicionarItensViewController.xib */ = {isa = PBXFileReference; lastKnownFileType = file.xib; path = AdicionarItensViewController.xib; sourceTree = "<group>"; };
		61C1F5C627E4FE75005E3506 /* RefeicaoDao.swift */ = {isa = PBXFileReference; lastKnownFileType = sourcecode.swift; path = RefeicaoDao.swift; sourceTree = "<group>"; };
		61C1F5C827E503CB005E3506 /* ItemDao.swift */ = {isa = PBXFileReference; lastKnownFileType = sourcecode.swift; path = ItemDao.swift; sourceTree = "<group>"; };
		61DEEE5B27AA3115009145D8 /* RefeicoesTableViewController.swift */ = {isa = PBXFileReference; lastKnownFileType = sourcecode.swift; path = RefeicoesTableViewController.swift; sourceTree = "<group>"; };
/* End PBXFileReference section */

/* Begin PBXFrameworksBuildPhase section */
		610E65C1279D13B7002C0919 /* Frameworks */ = {
			isa = PBXFrameworksBuildPhase;
			buildActionMask = 2147483647;
			files = (
			);
			runOnlyForDeploymentPostprocessing = 0;
		};
/* End PBXFrameworksBuildPhase section */

/* Begin PBXGroup section */
		610E65BB279D13B7002C0919 = {
			isa = PBXGroup;
			children = (
				610E65C6279D13B7002C0919 /* eggplant-brownie */,
				610E65C5279D13B7002C0919 /* Products */,
			);
			sourceTree = "<group>";
		};
		610E65C5279D13B7002C0919 /* Products */ = {
			isa = PBXGroup;
			children = (
				610E65C4279D13B7002C0919 /* eggplant-brownie.app */,
			);
			name = Products;
			sourceTree = "<group>";
		};
		610E65C6279D13B7002C0919 /* eggplant-brownie */ = {
			isa = PBXGroup;
			children = (
				610E65C7279D13B7002C0919 /* AppDelegate.swift */,
				61478A4E27A777D500E1B1CB /* Models */,
				61478A4F27A777E500E1B1CB /* Views */,
				61478A5027A777F200E1B1CB /* Controllers */,
				610E65D0279D13B9002C0919 /* Assets.xcassets */,
				610E65C9279D13B7002C0919 /* SceneDelegate.swift */,
				61510EFF279F8C1C006DA627 /* MyPlayground.playground */,
				610E65D2279D13B9002C0919 /* LaunchScreen.storyboard */,
				610E65D5279D13B9002C0919 /* Info.plist */,
			);
			path = "eggplant-brownie";
			sourceTree = "<group>";
		};
		61478A4E27A777D500E1B1CB /* Models */ = {
			isa = PBXGroup;
			children = (
				61478A5127A7784500E1B1CB /* Refeicao.swift */,
				61478A5327A7785800E1B1CB /* Item.swift */,
				618C9E2827D30C9600CEEFCB /* Alerta.swift */,
				61C1F5C627E4FE75005E3506 /* RefeicaoDao.swift */,
				61C1F5C827E503CB005E3506 /* ItemDao.swift */,
			);
			path = Models;
			sourceTree = "<group>";
		};
		61478A4F27A777E500E1B1CB /* Views */ = {
			isa = PBXGroup;
			children = (
				610E65CD279D13B7002C0919 /* Main.storyboard */,
				61A6428627AF781E00264BF5 /* AdicionarItensViewController.xib */,
			);
			path = Views;
			sourceTree = "<group>";
		};
		61478A5027A777F200E1B1CB /* Controllers */ = {
			isa = PBXGroup;
			children = (
				61A6428527AF781E00264BF5 /* AdicionarItensViewController.swift */,
				610E65CB279D13B7002C0919 /* ViewController.swift */,
				61DEEE5B27AA3115009145D8 /* RefeicoesTableViewController.swift */,
				614994B527E3D734005F41F3 /* RemoverRefeicaoViewController.swift */,
			);
			path = Controllers;
			sourceTree = "<group>";
		};
/* End PBXGroup section */

/* Begin PBXNativeTarget section */
		610E65C3279D13B7002C0919 /* eggplant-brownie */ = {
			isa = PBXNativeTarget;
			buildConfigurationList = 610E65D8279D13B9002C0919 /* Build configuration list for PBXNativeTarget "eggplant-brownie" */;
			buildPhases = (
				610E65C0279D13B7002C0919 /* Sources */,
				610E65C1279D13B7002C0919 /* Frameworks */,
				610E65C2279D13B7002C0919 /* Resources */,
			);
			buildRules = (
			);
			dependencies = (
			);
			name = "eggplant-brownie";
			productName = "eggplant-brownie";
			productReference = 610E65C4279D13B7002C0919 /* eggplant-brownie.app */;
			productType = "com.apple.product-type.application";
		};
/* End PBXNativeTarget section */

/* Begin PBXProject section */
		610E65BC279D13B7002C0919 /* Project object */ = {
			isa = PBXProject;
			attributes = {
				BuildIndependentTargetsInParallel = 1;
				LastSwiftUpdateCheck = 1320;
				LastUpgradeCheck = 1320;
				TargetAttributes = {
					610E65C3279D13B7002C0919 = {
						CreatedOnToolsVersion = 13.2.1;
					};
				};
			};
			buildConfigurationList = 610E65BF279D13B7002C0919 /* Build configuration list for PBXProject "eggplant-brownie" */;
			compatibilityVersion = "Xcode 13.0";
			developmentRegion = en;
			hasScannedForEncodings = 0;
			knownRegions = (
				en,
				Base,
			);
			mainGroup = 610E65BB279D13B7002C0919;
			productRefGroup = 610E65C5279D13B7002C0919 /* Products */;
			projectDirPath = "";
			projectRoot = "";
			targets = (
				610E65C3279D13B7002C0919 /* eggplant-brownie */,
			);
		};
/* End PBXProject section */

/* Begin PBXResourcesBuildPhase section */
		610E65C2279D13B7002C0919 /* Resources */ = {
			isa = PBXResourcesBuildPhase;
			buildActionMask = 2147483647;
			files = (
				610E65D4279D13B9002C0919 /* LaunchScreen.storyboard in Resources */,
				610E65D1279D13B9002C0919 /* Assets.xcassets in Resources */,
				61A6428827AF781E00264BF5 /* AdicionarItensViewController.xib in Resources */,
				610E65CF279D13B7002C0919 /* Main.storyboard in Resources */,
			);
			runOnlyForDeploymentPostprocessing = 0;
		};
/* End PBXResourcesBuildPhase section */

/* Begin PBXSourcesBuildPhase section */
		610E65C0279D13B7002C0919 /* Sources */ = {
			isa = PBXSourcesBuildPhase;
			buildActionMask = 2147483647;
			files = (
				618C9E2927D30C9600CEEFCB /* Alerta.swift in Sources */,
				61478A5427A7785800E1B1CB /* Item.swift in Sources */,
				610E65CC279D13B7002C0919 /* ViewController.swift in Sources */,
				61A6428727AF781E00264BF5 /* AdicionarItensViewController.swift in Sources */,
				61C1F5C927E503CB005E3506 /* ItemDao.swift in Sources */,
				61C1F5C727E4FE75005E3506 /* RefeicaoDao.swift in Sources */,
				61DEEE5C27AA3115009145D8 /* RefeicoesTableViewController.swift in Sources */,
				610E65C8279D13B7002C0919 /* AppDelegate.swift in Sources */,
				610E65CA279D13B7002C0919 /* SceneDelegate.swift in Sources */,
				61478A5227A7784500E1B1CB /* Refeicao.swift in Sources */,
				614994B627E3D734005F41F3 /* RemoverRefeicaoViewController.swift in Sources */,
			);
			runOnlyForDeploymentPostprocessing = 0;
		};
/* End PBXSourcesBuildPhase section */

/* Begin PBXVariantGroup section */
		610E65CD279D13B7002C0919 /* Main.storyboard */ = {
			isa = PBXVariantGroup;
			children = (
				610E65CE279D13B7002C0919 /* Base */,
			);
			name = Main.storyboard;
			sourceTree = "<group>";
		};
		610E65D2279D13B9002C0919 /* LaunchScreen.storyboard */ = {
			isa = PBXVariantGroup;
			children = (
				610E65D3279D13B9002C0919 /* Base */,
			);
			name = LaunchScreen.storyboard;
			sourceTree = "<group>";
		};
/* End PBXVariantGroup section */

/* Begin XCBuildConfiguration section */
		610E65D6279D13B9002C0919 /* Debug */ = {
			isa = XCBuildConfiguration;
			buildSettings = {
				ALWAYS_SEARCH_USER_PATHS = NO;
				CLANG_ANALYZER_NONNULL = YES;
				CLANG_ANALYZER_NUMBER_OBJECT_CONVERSION = YES_AGGRESSIVE;
				CLANG_CXX_LANGUAGE_STANDARD = "gnu++17";
				CLANG_CXX_LIBRARY = "libc++";
				CLANG_ENABLE_MODULES = YES;
				CLANG_ENABLE_OBJC_ARC = YES;
				CLANG_ENABLE_OBJC_WEAK = YES;
				CLANG_WARN_BLOCK_CAPTURE_AUTORELEASING = YES;
				CLANG_WARN_BOOL_CONVERSION = YES;
				CLANG_WARN_COMMA = YES;
				CLANG_WARN_CONSTANT_CONVERSION = YES;
				CLANG_WARN_DEPRECATED_OBJC_IMPLEMENTATIONS = YES;
				CLANG_WARN_DIRECT_OBJC_ISA_USAGE = YES_ERROR;
				CLANG_WARN_DOCUMENTATION_COMMENTS = YES;
				CLANG_WARN_EMPTY_BODY = YES;
				CLANG_WARN_ENUM_CONVERSION = YES;
				CLANG_WARN_INFINITE_RECURSION = YES;
				CLANG_WARN_INT_CONVERSION = YES;
				CLANG_WARN_NON_LITERAL_NULL_CONVERSION = YES;
				CLANG_WARN_OBJC_IMPLICIT_RETAIN_SELF = YES;
				CLANG_WARN_OBJC_LITERAL_CONVERSION = YES;
				CLANG_WARN_OBJC_ROOT_CLASS = YES_ERROR;
				CLANG_WARN_QUOTED_INCLUDE_IN_FRAMEWORK_HEADER = YES;
				CLANG_WARN_RANGE_LOOP_ANALYSIS = YES;
				CLANG_WARN_STRICT_PROTOTYPES = YES;
				CLANG_WARN_SUSPICIOUS_MOVE = YES;
				CLANG_WARN_UNGUARDED_AVAILABILITY = YES_AGGRESSIVE;
				CLANG_WARN_UNREACHABLE_CODE = YES;
				CLANG_WARN__DUPLICATE_METHOD_MATCH = YES;
				COPY_PHASE_STRIP = NO;
				DEBUG_INFORMATION_FORMAT = dwarf;
				ENABLE_STRICT_OBJC_MSGSEND = YES;
				ENABLE_TESTABILITY = YES;
				GCC_C_LANGUAGE_STANDARD = gnu11;
				GCC_DYNAMIC_NO_PIC = NO;
				GCC_NO_COMMON_BLOCKS = YES;
				GCC_OPTIMIZATION_LEVEL = 0;
				GCC_PREPROCESSOR_DEFINITIONS = (
					"DEBUG=1",
					"$(inherited)",
				);
				GCC_WARN_64_TO_32_BIT_CONVERSION = YES;
				GCC_WARN_ABOUT_RETURN_TYPE = YES_ERROR;
				GCC_WARN_UNDECLARED_SELECTOR = YES;
				GCC_WARN_UNINITIALIZED_AUTOS = YES_AGGRESSIVE;
				GCC_WARN_UNUSED_FUNCTION = YES;
				GCC_WARN_UNUSED_VARIABLE = YES;
				IPHONEOS_DEPLOYMENT_TARGET = 15.2;
				MTL_ENABLE_DEBUG_INFO = INCLUDE_SOURCE;
				MTL_FAST_MATH = YES;
				ONLY_ACTIVE_ARCH = YES;
				SDKROOT = iphoneos;
				SWIFT_ACTIVE_COMPILATION_CONDITIONS = DEBUG;
				SWIFT_OPTIMIZATION_LEVEL = "-Onone";
			};
			name = Debug;
		};
		610E65D7279D13B9002C0919 /* Release */ = {
			isa = XCBuildConfiguration;
			buildSettings = {
				ALWAYS_SEARCH_USER_PATHS = NO;
				CLANG_ANALYZER_NONNULL = YES;
				CLANG_ANALYZER_NUMBER_OBJECT_CONVERSION = YES_AGGRESSIVE;
				CLANG_CXX_LANGUAGE_STANDARD = "gnu++17";
				CLANG_CXX_LIBRARY = "libc++";
				CLANG_ENABLE_MODULES = YES;
				CLANG_ENABLE_OBJC_ARC = YES;
				CLANG_ENABLE_OBJC_WEAK = YES;
				CLANG_WARN_BLOCK_CAPTURE_AUTORELEASING = YES;
				CLANG_WARN_BOOL_CONVERSION = YES;
				CLANG_WARN_COMMA = YES;
				CLANG_WARN_CONSTANT_CONVERSION = YES;
				CLANG_WARN_DEPRECATED_OBJC_IMPLEMENTATIONS = YES;
				CLANG_WARN_DIRECT_OBJC_ISA_USAGE = YES_ERROR;
				CLANG_WARN_DOCUMENTATION_COMMENTS = YES;
				CLANG_WARN_EMPTY_BODY = YES;
				CLANG_WARN_ENUM_CONVERSION = YES;
				CLANG_WARN_INFINITE_RECURSION = YES;
				CLANG_WARN_INT_CONVERSION = YES;
				CLANG_WARN_NON_LITERAL_NULL_CONVERSION = YES;
				CLANG_WARN_OBJC_IMPLICIT_RETAIN_SELF = YES;
				CLANG_WARN_OBJC_LITERAL_CONVERSION = YES;
				CLANG_WARN_OBJC_ROOT_CLASS = YES_ERROR;
				CLANG_WARN_QUOTED_INCLUDE_IN_FRAMEWORK_HEADER = YES;
				CLANG_WARN_RANGE_LOOP_ANALYSIS = YES;
				CLANG_WARN_STRICT_PROTOTYPES = YES;
				CLANG_WARN_SUSPICIOUS_MOVE = YES;
				CLANG_WARN_UNGUARDED_AVAILABILITY = YES_AGGRESSIVE;
				CLANG_WARN_UNREACHABLE_CODE = YES;
				CLANG_WARN__DUPLICATE_METHOD_MATCH = YES;
				COPY_PHASE_STRIP = NO;
				DEBUG_INFORMATION_FORMAT = "dwarf-with-dsym";
				ENABLE_NS_ASSERTIONS = NO;
				ENABLE_STRICT_OBJC_MSGSEND = YES;
				GCC_C_LANGUAGE_STANDARD = gnu11;
				GCC_NO_COMMON_BLOCKS = YES;
				GCC_WARN_64_TO_32_BIT_CONVERSION = YES;
				GCC_WARN_ABOUT_RETURN_TYPE = YES_ERROR;
				GCC_WARN_UNDECLARED_SELECTOR = YES;
				GCC_WARN_UNINITIALIZED_AUTOS = YES_AGGRESSIVE;
				GCC_WARN_UNUSED_FUNCTION = YES;
				GCC_WARN_UNUSED_VARIABLE = YES;
				IPHONEOS_DEPLOYMENT_TARGET = 15.2;
				MTL_ENABLE_DEBUG_INFO = NO;
				MTL_FAST_MATH = YES;
				SDKROOT = iphoneos;
				SWIFT_COMPILATION_MODE = wholemodule;
				SWIFT_OPTIMIZATION_LEVEL = "-O";
				VALIDATE_PRODUCT = YES;
			};
			name = Release;
		};
		610E65D9279D13B9002C0919 /* Debug */ = {
			isa = XCBuildConfiguration;
			buildSettings = {
				ASSETCATALOG_COMPILER_APPICON_NAME = AppIcon;
				ASSETCATALOG_COMPILER_GLOBAL_ACCENT_COLOR_NAME = AccentColor;
				CODE_SIGN_STYLE = Automatic;
				CURRENT_PROJECT_VERSION = 1;
				GENERATE_INFOPLIST_FILE = YES;
				INFOPLIST_FILE = "eggplant-brownie/Info.plist";
				INFOPLIST_KEY_UIApplicationSupportsIndirectInputEvents = YES;
				INFOPLIST_KEY_UILaunchStoryboardName = LaunchScreen;
				INFOPLIST_KEY_UIMainStoryboardFile = Main;
				INFOPLIST_KEY_UISupportedInterfaceOrientations_iPad = "UIInterfaceOrientationPortrait UIInterfaceOrientationPortraitUpsideDown UIInterfaceOrientationLandscapeLeft UIInterfaceOrientationLandscapeRight";
				INFOPLIST_KEY_UISupportedInterfaceOrientations_iPhone = "UIInterfaceOrientationPortrait UIInterfaceOrientationLandscapeLeft UIInterfaceOrientationLandscapeRight";
				LD_RUNPATH_SEARCH_PATHS = (
					"$(inherited)",
					"@executable_path/Frameworks",
				);
				MARKETING_VERSION = 1.0;
				PRODUCT_BUNDLE_IDENTIFIER = "br.com.jcls.eggplant-brownie";
				PRODUCT_NAME = "$(TARGET_NAME)";
				SWIFT_EMIT_LOC_STRINGS = YES;
				SWIFT_VERSION = 5.0;
				TARGETED_DEVICE_FAMILY = "1,2";
			};
			name = Debug;
		};
		610E65DA279D13B9002C0919 /* Release */ = {
			isa = XCBuildConfiguration;
			buildSettings = {
				ASSETCATALOG_COMPILER_APPICON_NAME = AppIcon;
				ASSETCATALOG_COMPILER_GLOBAL_ACCENT_COLOR_NAME = AccentColor;
				CODE_SIGN_STYLE = Automatic;
				CURRENT_PROJECT_VERSION = 1;
				GENERATE_INFOPLIST_FILE = YES;
				INFOPLIST_FILE = "eggplant-brownie/Info.plist";
				INFOPLIST_KEY_UIApplicationSupportsIndirectInputEvents = YES;
				INFOPLIST_KEY_UILaunchStoryboardName = LaunchScreen;
				INFOPLIST_KEY_UIMainStoryboardFile = Main;
				INFOPLIST_KEY_UISupportedInterfaceOrientations_iPad = "UIInterfaceOrientationPortrait UIInterfaceOrientationPortraitUpsideDown UIInterfaceOrientationLandscapeLeft UIInterfaceOrientationLandscapeRight";
				INFOPLIST_KEY_UISupportedInterfaceOrientations_iPhone = "UIInterfaceOrientationPortrait UIInterfaceOrientationLandscapeLeft UIInterfaceOrientationLandscapeRight";
				LD_RUNPATH_SEARCH_PATHS = (
					"$(inherited)",
					"@executable_path/Frameworks",
				);
				MARKETING_VERSION = 1.0;
				PRODUCT_BUNDLE_IDENTIFIER = "br.com.jcls.eggplant-brownie";
				PRODUCT_NAME = "$(TARGET_NAME)";
				SWIFT_EMIT_LOC_STRINGS = YES;
				SWIFT_VERSION = 5.0;
				TARGETED_DEVICE_FAMILY = "1,2";
			};
			name = Release;
		};
/* End XCBuildConfiguration section */

/* Begin XCConfigurationList section */
		610E65BF279D13B7002C0919 /* Build configuration list for PBXProject "eggplant-brownie" */ = {
			isa = XCConfigurationList;
			buildConfigurations = (
				610E65D6279D13B9002C0919 /* Debug */,
				610E65D7279D13B9002C0919 /* Release */,
			);
			defaultConfigurationIsVisible = 0;
			defaultConfigurationName = Release;
		};
		610E65D8279D13B9002C0919 /* Build configuration list for PBXNativeTarget "eggplant-brownie" */ = {
			isa = XCConfigurationList;
			buildConfigurations = (
				610E65D9279D13B9002C0919 /* Debug */,
				610E65DA279D13B9002C0919 /* Release */,
			);
			defaultConfigurationIsVisible = 0;
			defaultConfigurationName = Release;
		};
/* End XCConfigurationList section */
	};
	rootObject = 610E65BC279D13B7002C0919 /* Project object */;
}
